
Microsoft Visual Studio Solution File, Format Version 12.00
# Visual Studio Version 16
VisualStudioVersion = 16.0.28729.10
MinimumVisualStudioVersion = 10.0.40219.1
Project("{FAE04EC0-301F-11D3-BF4B-00C04F79EFBC}") = "Encryption", "Encryption\Encryption.csproj", "{FCCA6A17-A8B8-49A7-BCFD-95FA45923577}"
EndProject
Global
	GlobalSection(SolutionConfigurationPlatforms) = preSolution
		Debug|Any CPU = Debug|Any CPU
		Release|Any CPU = Release|Any CPU
	EndGlobalSection
	GlobalSection(ProjectConfigurationPlatforms) = postSolution
		{FCCA6A17-A8B8-49A7-BCFD-95FA45923577}.Debug|Any CPU.ActiveCfg = Debug|Any CPU
		{FCCA6A17-A8B8-49A7-BCFD-95FA45923577}.Debug|Any CPU.Build.0 = Debug|Any CPU
		{FCCA6A17-A8B8-49A7-BCFD-95FA45923577}.Release|Any CPU.ActiveCfg = Release|Any CPU
		{FCCA6A17-A8B8-49A7-BCFD-95FA45923577}.Release|Any CPU.Build.0 = Release|Any CPU
	EndGlobalSection
	GlobalSection(SolutionProperties) = preSolution
		HideSolutionNode = FALSE
	EndGlobalSection
	GlobalSection(ExtensibilityGlobals) = postSolution
		SolutionGuid = {C8E3C4FA-2863-460E-A25D-A10CAD141358}
	EndGlobalSection
EndGlobal
